# THIS IS AN AUTOGENERATED FILE. DO NOT EDIT THIS FILE DIRECTLY.
# yarn lockfile v1


gatsby-plugin-snipcartv3@^2.3.3:
  version "2.3.3"
  resolved "https://registry.yarnpkg.com/gatsby-plugin-snipcartv3/-/gatsby-plugin-snipcartv3-2.3.3.tgz#ac61a94f0460f3df482f0b32345fa4b6d4241435"
  integrity sha512-Lsy5YkvbH1G9lE3fi8XGJi/8ykFTLMqa515+b2g1PFgOJDN/i1Kp/ljGAypPkpF5ZP4EL1VOJDIStrgiNsuIEg==
